<Solution>
  <Folder Name="/Task0/">
    <Project Path="Tyuiu.MoskalevSO.Sprint1.Task0.V28.Lib/Tyuiu.MoskalevSO.Sprint1.Task0.V28.Lib.csproj" />
    <Project Path="Tyuiu.MoskalevSO.Sprint1.Task0.V28.Test/Tyuiu.MoskalevSO.Sprint1.Task0.V28.Test.csproj" />
    <Project Path="Tyuiu.MoskalevSO.Sprint1.Task0.V28/Tyuiu.MoskalevSO.Sprint1.Task0.V28.csproj" />
  </Folder>
  <Folder Name="/Task1/">
    <Project Path="Tyuiu.MoskalevSO.Sprint1.Task1.V11.Lib/Tyuiu.MoskalevSO.Sprint1.Task1.V11.Lib.csproj" Id="c7834bb4-4c6d-4a3b-ad75-6a726fab74af" />
    <Project Path="Tyuiu.MoskalevSO.Sprint1.Task1.V11.Test/Tyuiu.MoskalevSO.Sprint1.Task1.V11.Test.csproj" Id="0bb35e00-4ddd-4017-940f-0b8575cb199c" />
    <Project Path="Tyuiu.MoskalevSO.Sprint1.Task1.V11/Tyuiu.MoskalevSO.Sprint1.Task1.V11.csproj" Id="7f6e8265-a1c7-41bf-a598-932dbd911734" />
  </Folder>
  <Folder Name="/Task2/">
    <Project Path="Tyuiu.MoskalevSO.Sprint1.Task2.V27.Lib/Tyuiu.MoskalevSO.Sprint1.Task2.V27.Lib.csproj" Id="9ad50d38-bbff-4f1d-874e-c0aaceba95ee" />
    <Project Path="Tyuiu.MoskalevSO.Sprint1.Task2.V27.Test/Tyuiu.MoskalevSO.Sprint1.Task2.V27.Test.csproj" Id="c4b526c4-7108-4f41-9f65-e031afa9db83" />
    <Project Path="Tyuiu.MoskalevSO.Sprint1.Task2.V27/Tyuiu.MoskalevSO.Sprint1.Task2.V27.csproj" Id="8d3f6b95-8407-48cb-9b2d-2552463dfdb4" />
  </Folder>
  <Folder Name="/Task3/">
    <Project Path="Tyuiu.MoskalevSO.Sprint1.Task3.V2.Lib/Tyuiu.MoskalevSO.Sprint1.Task3.V2.Lib.csproj" Id="85a1b2ac-4e9c-401a-bb13-dea37186903d" />
    <Project Path="Tyuiu.MoskalevSO.Sprint1.Task3.V2.Test/Tyuiu.MoskalevSO.Sprint1.Task3.V2.Test.csproj" Id="fcdea06a-f246-4a70-8aea-2743dd8c94ec" />
    <Project Path="Tyuiu.MoskalevSO.Sprint1.Task3.V2/Tyuiu.MoskalevSO.Sprint1.Task3.V2.csproj" Id="5b287d1a-46d7-46dc-a7b7-ecfef748a1ad" />
  </Folder>
  <Folder Name="/Task4/">
    <Project Path="Tyuiu.MoskalevSO.Sprint1.Task4.V12.Lib/Tyuiu.MoskalevSO.Sprint1.Task4.V12.Lib.csproj" Id="f19b7a59-61df-4bdd-bfb5-136af4e0a5e9" />
    <Project Path="Tyuiu.MoskalevSO.Sprint1.Task4.V12.Test/Tyuiu.MoskalevSO.Sprint1.Task4.V12.Test.csproj" Id="e0db5040-9d74-4189-b8c5-2a565297c9df" />
    <Project Path="Tyuiu.MoskalevSO.Sprint1.Task4.V12/Tyuiu.MoskalevSO.Sprint1.Task4.V12.csproj" Id="01fe78fa-3d36-45df-817b-37119cd4d1d8" />
  </Folder>
  <Folder Name="/Task5/">
    <Project Path="Tyuiu.MoskalevSO.Sprint1.Task5.V3.Lib/Tyuiu.MoskalevSO.Sprint1.Task5.V3.Lib.csproj" Id="364be96f-8150-4219-bba1-6d118b233fca" />
    <Project Path="Tyuiu.MoskalevSO.Sprint1.Task5.V3.Test/Tyuiu.MoskalevSO.Sprint1.Task5.V3.Test.csproj" Id="b5f47b72-bbbf-47e0-9859-69a08adf97a6" />
    <Project Path="Tyuiu.MoskalevSO.Sprint1.Task5.V3/Tyuiu.MoskalevSO.Sprint1.Task5.V3.csproj" Id="8dc114ca-66f9-449f-93d1-e89789538bc5" />
  </Folder>
  <Folder Name="/Task6/">
    <Project Path="Tyuiu.MoskalevSO.Sprint1.Task6.V17.Lib/Tyuiu.MoskalevSO.Sprint1.Task6.V17.Lib.csproj" Id="f28b3ffb-4d07-42f2-83c1-d57a8873938c" />
    <Project Path="Tyuiu.MoskalevSO.Sprint1.Task6.V17.Test/Tyuiu.MoskalevSO.Sprint1.Task6.V17.Test.csproj" Id="b7d67cf2-da2f-4a12-b11c-7363fe84f5cd" />
    <Project Path="Tyuiu.MoskalevSO.Sprint1.Task6.V17/Tyuiu.MoskalevSO.Sprint1.Task6.V17.csproj" Id="33dea9dd-b390-42ec-8375-6c67133e1fb5" />
  </Folder>
  <Folder Name="/Task7/">
    <Project Path="Tyuiu.MoskalevSO.Sprint1.Task7.V29.Lib/Tyuiu.MoskalevSO.Sprint1.Task7.V29.Lib.csproj" Id="7f84ce62-0ee1-49e9-a596-4c13f7c6772f" />
    <Project Path="Tyuiu.MoskalevSO.Sprint1.Task7.V29.Test/Tyuiu.MoskalevSO.Sprint1.Task7.V29.Test.csproj" Id="df7acd68-1cce-4498-83d8-ec86bc1fad88" />
    <Project Path="Tyuiu.MoskalevSO.Sprint1.Task7.V29/Tyuiu.MoskalevSO.Sprint1.Task7.V29.csproj" Id="d5d01834-4cf2-448c-9d78-5c390e6863ae" />
  </Folder>
</Solution>

